
Microsoft Visual Studio Solution File, Format Version 12.00
# Visual Studio 14
VisualStudioVersion = 14.0.23107.0
MinimumVisualStudioVersion = 10.0.40219.1
Project("{FAE04EC0-301F-11D3-BF4B-00C04F79EFBC}") = "StreetCrash.Core", "StreetCrash.Core\StreetCrash.Core.csproj", "{E448E23F-A030-4FED-8129-25249395AE6A}"
EndProject
Project("{FAE04EC0-301F-11D3-BF4B-00C04F79EFBC}") = "StreetCrash.Droid", "StreetCrash.Droid\StreetCrash.Droid.csproj", "{90743BDB-9C76-4875-9D67-D67DC0F8E5EF}"
EndProject
Project("{FAE04EC0-301F-11D3-BF4B-00C04F79EFBC}") = "StreetCrash.WP", "StreetCrash.WP\StreetCrash.WP.csproj", "{3A3140F6-DBB0-4B9C-B744-12E9E6A3E375}"
EndProject
Project("{2150E333-8FDC-42A3-9474-1A3956D46DE8}") = "WS", "WS", "{52785A66-AD16-473C-B9EC-0412C6F8FDED}"
EndProject
Project("{FAE04EC0-301F-11D3-BF4B-00C04F79EFBC}") = "StreetCrash.DAO", "StreetCrash.DAO\StreetCrash.DAO.csproj", "{E1B4359C-7591-4B07-8699-47DE590C85C6}"
EndProject
Project("{FAE04EC0-301F-11D3-BF4B-00C04F79EFBC}") = "StreetCrash.Service", "StreetCrash.Service\StreetCrash.Service.csproj", "{2118D804-B47D-4ACF-87DE-D8D472C3080F}"
EndProject
Project("{FAE04EC0-301F-11D3-BF4B-00C04F79EFBC}") = "StreetCrash.Presentation", "StreetCrash.Presentation\StreetCrash.Presentation.csproj", "{64D4AB31-0171-4AFC-82AB-C51EF4062B88}"
EndProject
Global
	GlobalSection(SolutionConfigurationPlatforms) = preSolution
		Debug|Any CPU = Debug|Any CPU
		Debug|ARM = Debug|ARM
		Debug|x86 = Debug|x86
		Release|Any CPU = Release|Any CPU
		Release|ARM = Release|ARM
		Release|x86 = Release|x86
	EndGlobalSection
	GlobalSection(ProjectConfigurationPlatforms) = postSolution
		{E448E23F-A030-4FED-8129-25249395AE6A}.Debug|Any CPU.ActiveCfg = Debug|Any CPU
		{E448E23F-A030-4FED-8129-25249395AE6A}.Debug|Any CPU.Build.0 = Debug|Any CPU
		{E448E23F-A030-4FED-8129-25249395AE6A}.Debug|ARM.ActiveCfg = Debug|Any CPU
		{E448E23F-A030-4FED-8129-25249395AE6A}.Debug|ARM.Build.0 = Debug|Any CPU
		{E448E23F-A030-4FED-8129-25249395AE6A}.Debug|x86.ActiveCfg = Debug|Any CPU
		{E448E23F-A030-4FED-8129-25249395AE6A}.Debug|x86.Build.0 = Debug|Any CPU
		{E448E23F-A030-4FED-8129-25249395AE6A}.Release|Any CPU.ActiveCfg = Release|Any CPU
		{E448E23F-A030-4FED-8129-25249395AE6A}.Release|Any CPU.Build.0 = Release|Any CPU
		{E448E23F-A030-4FED-8129-25249395AE6A}.Release|ARM.ActiveCfg = Release|Any CPU
		{E448E23F-A030-4FED-8129-25249395AE6A}.Release|ARM.Build.0 = Release|Any CPU
		{E448E23F-A030-4FED-8129-25249395AE6A}.Release|x86.ActiveCfg = Release|Any CPU
		{E448E23F-A030-4FED-8129-25249395AE6A}.Release|x86.Build.0 = Release|Any CPU
		{90743BDB-9C76-4875-9D67-D67DC0F8E5EF}.Debug|Any CPU.ActiveCfg = Debug|Any CPU
		{90743BDB-9C76-4875-9D67-D67DC0F8E5EF}.Debug|Any CPU.Build.0 = Debug|Any CPU
		{90743BDB-9C76-4875-9D67-D67DC0F8E5EF}.Debug|Any CPU.Deploy.0 = Debug|Any CPU
		{90743BDB-9C76-4875-9D67-D67DC0F8E5EF}.Debug|ARM.ActiveCfg = Debug|Any CPU
		{90743BDB-9C76-4875-9D67-D67DC0F8E5EF}.Debug|ARM.Build.0 = Debug|Any CPU
		{90743BDB-9C76-4875-9D67-D67DC0F8E5EF}.Debug|ARM.Deploy.0 = Debug|Any CPU
		{90743BDB-9C76-4875-9D67-D67DC0F8E5EF}.Debug|x86.ActiveCfg = Debug|Any CPU
		{90743BDB-9C76-4875-9D67-D67DC0F8E5EF}.Debug|x86.Build.0 = Debug|Any CPU
		{90743BDB-9C76-4875-9D67-D67DC0F8E5EF}.Debug|x86.Deploy.0 = Debug|Any CPU
		{90743BDB-9C76-4875-9D67-D67DC0F8E5EF}.Release|Any CPU.ActiveCfg = Release|Any CPU
		{90743BDB-9C76-4875-9D67-D67DC0F8E5EF}.Release|Any CPU.Build.0 = Release|Any CPU
		{90743BDB-9C76-4875-9D67-D67DC0F8E5EF}.Release|Any CPU.Deploy.0 = Release|Any CPU
		{90743BDB-9C76-4875-9D67-D67DC0F8E5EF}.Release|ARM.ActiveCfg = Release|Any CPU
		{90743BDB-9C76-4875-9D67-D67DC0F8E5EF}.Release|ARM.Build.0 = Release|Any CPU
		{90743BDB-9C76-4875-9D67-D67DC0F8E5EF}.Release|ARM.Deploy.0 = Release|Any CPU
		{90743BDB-9C76-4875-9D67-D67DC0F8E5EF}.Release|x86.ActiveCfg = Release|Any CPU
		{90743BDB-9C76-4875-9D67-D67DC0F8E5EF}.Release|x86.Build.0 = Release|Any CPU
		{90743BDB-9C76-4875-9D67-D67DC0F8E5EF}.Release|x86.Deploy.0 = Release|Any CPU
		{3A3140F6-DBB0-4B9C-B744-12E9E6A3E375}.Debug|Any CPU.ActiveCfg = Debug|Any CPU
		{3A3140F6-DBB0-4B9C-B744-12E9E6A3E375}.Debug|Any CPU.Build.0 = Debug|Any CPU
		{3A3140F6-DBB0-4B9C-B744-12E9E6A3E375}.Debug|Any CPU.Deploy.0 = Debug|Any CPU
		{3A3140F6-DBB0-4B9C-B744-12E9E6A3E375}.Debug|ARM.ActiveCfg = Debug|ARM
		{3A3140F6-DBB0-4B9C-B744-12E9E6A3E375}.Debug|ARM.Build.0 = Debug|ARM
		{3A3140F6-DBB0-4B9C-B744-12E9E6A3E375}.Debug|ARM.Deploy.0 = Debug|ARM
		{3A3140F6-DBB0-4B9C-B744-12E9E6A3E375}.Debug|x86.ActiveCfg = Debug|x86
		{3A3140F6-DBB0-4B9C-B744-12E9E6A3E375}.Debug|x86.Build.0 = Debug|x86
		{3A3140F6-DBB0-4B9C-B744-12E9E6A3E375}.Debug|x86.Deploy.0 = Debug|x86
		{3A3140F6-DBB0-4B9C-B744-12E9E6A3E375}.Release|Any CPU.ActiveCfg = Release|Any CPU
		{3A3140F6-DBB0-4B9C-B744-12E9E6A3E375}.Release|Any CPU.Build.0 = Release|Any CPU
		{3A3140F6-DBB0-4B9C-B744-12E9E6A3E375}.Release|Any CPU.Deploy.0 = Release|Any CPU
		{3A3140F6-DBB0-4B9C-B744-12E9E6A3E375}.Release|ARM.ActiveCfg = Release|ARM
		{3A3140F6-DBB0-4B9C-B744-12E9E6A3E375}.Release|ARM.Build.0 = Release|ARM
		{3A3140F6-DBB0-4B9C-B744-12E9E6A3E375}.Release|ARM.Deploy.0 = Release|ARM
		{3A3140F6-DBB0-4B9C-B744-12E9E6A3E375}.Release|x86.ActiveCfg = Release|x86
		{3A3140F6-DBB0-4B9C-B744-12E9E6A3E375}.Release|x86.Build.0 = Release|x86
		{3A3140F6-DBB0-4B9C-B744-12E9E6A3E375}.Release|x86.Deploy.0 = Release|x86
		{E1B4359C-7591-4B07-8699-47DE590C85C6}.Debug|Any CPU.ActiveCfg = Debug|Any CPU
		{E1B4359C-7591-4B07-8699-47DE590C85C6}.Debug|Any CPU.Build.0 = Debug|Any CPU
		{E1B4359C-7591-4B07-8699-47DE590C85C6}.Debug|ARM.ActiveCfg = Debug|Any CPU
		{E1B4359C-7591-4B07-8699-47DE590C85C6}.Debug|ARM.Build.0 = Debug|Any CPU
		{E1B4359C-7591-4B07-8699-47DE590C85C6}.Debug|x86.ActiveCfg = Debug|Any CPU
		{E1B4359C-7591-4B07-8699-47DE590C85C6}.Debug|x86.Build.0 = Debug|Any CPU
		{E1B4359C-7591-4B07-8699-47DE590C85C6}.Release|Any CPU.ActiveCfg = Release|Any CPU
		{E1B4359C-7591-4B07-8699-47DE590C85C6}.Release|Any CPU.Build.0 = Release|Any CPU
		{E1B4359C-7591-4B07-8699-47DE590C85C6}.Release|ARM.ActiveCfg = Release|Any CPU
		{E1B4359C-7591-4B07-8699-47DE590C85C6}.Release|ARM.Build.0 = Release|Any CPU
		{E1B4359C-7591-4B07-8699-47DE590C85C6}.Release|x86.ActiveCfg = Release|Any CPU
		{E1B4359C-7591-4B07-8699-47DE590C85C6}.Release|x86.Build.0 = Release|Any CPU
		{2118D804-B47D-4ACF-87DE-D8D472C3080F}.Debug|Any CPU.ActiveCfg = Debug|Any CPU
		{2118D804-B47D-4ACF-87DE-D8D472C3080F}.Debug|Any CPU.Build.0 = Debug|Any CPU
		{2118D804-B47D-4ACF-87DE-D8D472C3080F}.Debug|ARM.ActiveCfg = Debug|Any CPU
		{2118D804-B47D-4ACF-87DE-D8D472C3080F}.Debug|ARM.Build.0 = Debug|Any CPU
		{2118D804-B47D-4ACF-87DE-D8D472C3080F}.Debug|x86.ActiveCfg = Debug|Any CPU
		{2118D804-B47D-4ACF-87DE-D8D472C3080F}.Debug|x86.Build.0 = Debug|Any CPU
		{2118D804-B47D-4ACF-87DE-D8D472C3080F}.Release|Any CPU.ActiveCfg = Release|Any CPU
		{2118D804-B47D-4ACF-87DE-D8D472C3080F}.Release|Any CPU.Build.0 = Release|Any CPU
		{2118D804-B47D-4ACF-87DE-D8D472C3080F}.Release|ARM.ActiveCfg = Release|Any CPU
		{2118D804-B47D-4ACF-87DE-D8D472C3080F}.Release|ARM.Build.0 = Release|Any CPU
		{2118D804-B47D-4ACF-87DE-D8D472C3080F}.Release|x86.ActiveCfg = Release|Any CPU
		{2118D804-B47D-4ACF-87DE-D8D472C3080F}.Release|x86.Build.0 = Release|Any CPU
		{64D4AB31-0171-4AFC-82AB-C51EF4062B88}.Debug|Any CPU.ActiveCfg = Debug|Any CPU
		{64D4AB31-0171-4AFC-82AB-C51EF4062B88}.Debug|Any CPU.Build.0 = Debug|Any CPU
		{64D4AB31-0171-4AFC-82AB-C51EF4062B88}.Debug|ARM.ActiveCfg = Debug|Any CPU
		{64D4AB31-0171-4AFC-82AB-C51EF4062B88}.Debug|ARM.Build.0 = Debug|Any CPU
		{64D4AB31-0171-4AFC-82AB-C51EF4062B88}.Debug|x86.ActiveCfg = Debug|Any CPU
		{64D4AB31-0171-4AFC-82AB-C51EF4062B88}.Debug|x86.Build.0 = Debug|Any CPU
		{64D4AB31-0171-4AFC-82AB-C51EF4062B88}.Release|Any CPU.ActiveCfg = Release|Any CPU
		{64D4AB31-0171-4AFC-82AB-C51EF4062B88}.Release|Any CPU.Build.0 = Release|Any CPU
		{64D4AB31-0171-4AFC-82AB-C51EF4062B88}.Release|ARM.ActiveCfg = Release|Any CPU
		{64D4AB31-0171-4AFC-82AB-C51EF4062B88}.Release|ARM.Build.0 = Release|Any CPU
		{64D4AB31-0171-4AFC-82AB-C51EF4062B88}.Release|x86.ActiveCfg = Release|Any CPU
		{64D4AB31-0171-4AFC-82AB-C51EF4062B88}.Release|x86.Build.0 = Release|Any CPU
	EndGlobalSection
	GlobalSection(SolutionProperties) = preSolution
		HideSolutionNode = FALSE
	EndGlobalSection
	GlobalSection(NestedProjects) = preSolution
		{E1B4359C-7591-4B07-8699-47DE590C85C6} = {52785A66-AD16-473C-B9EC-0412C6F8FDED}
		{2118D804-B47D-4ACF-87DE-D8D472C3080F} = {52785A66-AD16-473C-B9EC-0412C6F8FDED}
		{64D4AB31-0171-4AFC-82AB-C51EF4062B88} = {52785A66-AD16-473C-B9EC-0412C6F8FDED}
	EndGlobalSection
EndGlobal
